{
    "_meta": {
        "hash": {
            "sha256": "44419dd6bea2d087cc21f580334677a0c8486852fcdc7ca3b486a573b77509c2"
        },
        "pipfile-spec": 6,
        "requires": {
            "python_version": "3.6"
        },
        "sources": [
            {
                "name": "pypi",
                "url": "https://pypi.org/simple",
                "verify_ssl": true
            }
        ]
    },
    "default": {
        "better-exceptions": {
            "hashes": [
                "sha256:bf79c87659bc849989d726bf0e4a2100edefe7eded112d201f54fe08467fdf63",
                "sha256:c196cad849de615abb9f6eb67ca1b83f33b938818f0e2fe8fa157b22aeb7b992"
            ],
            "index": "pypi",
            "version": "==0.2.2"
        },
        "click": {
            "hashes": [
                "sha256:29f99fc6125fbc931b758dc053b3114e55c77a6e4c6c3a2674a2dc986016381d",
                "sha256:f15516df478d5a56180fbf80e68f206010e6d160fc39fa508b65e035fd75130b"
            ],
            "index": "pypi",
            "version": "==6.7"
        },
        "flask": {
            "hashes": [
                "sha256:7fab1062d11dd0038434e790d18c5b9133fd9e6b7257d707c4578ccc1e38b67c",
                "sha256:b1883637bbee4dc7bc98d900792d0a304d609fce0f5bd9ca91d1b6457e5918dd"
            ],
            "index": "pypi",
            "version": "==1.0"
        },
        "gunicorn": {
            "hashes": [
                "sha256:1904bb2b8a43658807108d59c3f3d56c2b6121a701161de0ddf9ad140073c626",
                "sha256:cd4a810dd51bf497552cf3f863b575dabd73d6ad6a91075b65936b151cbf4f9c"
            ],
            "index": "pypi",
            "version": "==20.0.4"
        },
        "itsdangerous": {
            "hashes": [
                "sha256:cbb3fcf8d3e33df861709ecaf89d9e6629cff0a217bc2848f1b41cd30d360519"
            ],
            "index": "pypi",
            "version": "==0.24"
        },
        "jinja2": {
            "hashes": [
                "sha256:065c4f02ebe7f7cf559e49ee5a95fb800a9e4528727aec6f24402a5374c65013",
                "sha256:14dd6caf1527abb21f08f86c784eac40853ba93edb79552aa1e4b8aef1b61c7b"
            ],
            "index": "pypi",
            "version": "==2.10.1"
        },
        "markupsafe": {
            "hashes": [
                "sha256:a4ec1aff59b95a14b45eb2e23761a0179e98319da5a7eb76b56ea8cdc7b871c3"
            ],
            "index": "pypi",
            "version": "==0.23"
        },
        "mock": {
            "hashes": [
                "sha256:5ce3c71c5545b472da17b72268978914d0252980348636840bd34a00b5cc96c1",
                "sha256:b158b6df76edd239b8208d481dc46b6afd45a846b7812ff0ce58971cf5bc8bba"
            ],
            "index": "pypi",
            "version": "==2.0.0"
        },
        "numpy": {
            "hashes": [
                "sha256:1226e259d796207e8ef36762dce139e7da1cc0bb78f5d54e739252acd07834e5",
                "sha256:135586ce1966dbecd9494ba30cb9beca93fad323ef9264c21efc2a0b59e449d2",
                "sha256:195604fc19a9333f3342fcad93094b6a21bc6e6b28d7bfec14d120cb4391a032",
                "sha256:2137ec3cb1a2dba2658253d111d267d2ae0e6a545cd6560ad60317a56e54ae12",
                "sha256:276cbb35b69eb2f0d5f264b7c71bdc1f4e91ecd3125d32cd1839873268239892",
                "sha256:2e0fc5248246a64628656fe14fcab0a959741a2820e003bd15538226501b82f7",
                "sha256:3907299380cd824d9feef9780340c0bc1ba2af1217fc927a931e5f193b8c2dea",
                "sha256:5941d3dbd0afed1ecd3746c0371b2a8b79977d084004cc320c2a4cf9d88589d8",
                "sha256:674d0c1318890357f27ce3a8939e643eaf55140cfb8e84730aeee1dd769b0c21",
                "sha256:71a6aa8b8c9f666b541208d38b30c84df1666e4cc02fb33b59086aaea10affad",
                "sha256:7c6eb737dc3d53977c558d57625dfbecd9900a5807ff17edd6842a102cb95c3b",
                "sha256:8cd184b0341e1db3a5619c85f875ce511ef0eb7ec01ec320116959a3de77f1b8",
                "sha256:9e4228ac322743dea101a90305ee6d54b4bf82f15d6499e55d1d9cef17bccdbb",
                "sha256:ab2af03dabecb97de27badfa944c56d799774a1fa975d52083197bb81858b742",
                "sha256:ab810c942ead3f5988a7bef95dc6e85b586b6e814b83d571dfbca879e245bd45",
                "sha256:ca37b5bebcc4ebde39dfbff0bda69fdc28785a8ff21155fd7adacf473c7b40dd",
                "sha256:cca8af884cbf220656ca2f8f9120a634e5cfb5fdcb0a21fd83ec279cc4f46654",
                "sha256:dbde406bdbde500ed42420e18b150da2c5cef962bb217be3152f93ec9af66152",
                "sha256:dd1800ec19192fd853bc255917eb3ecb34de268551b9c561f36d089023883807",
                "sha256:f0824beb03aff58d4062508b1dd4f737f08f5d2369f25a73c2350fe081beab2c",
                "sha256:f8b30c76e0f805da7ea641f52c3f6bade55d50a0767f9c89c50e4c42b2a1b34c"
            ],
            "index": "pypi",
            "version": "==1.11.3"
        },
        "olefile": {
            "hashes": [
                "sha256:61f2ca0cd0aa77279eb943c07f607438edf374096b66332fae1ee64a6f0f73ad"
            ],
            "index": "pypi",
            "version": "==0.44"
        },
        "pbr": {
            "hashes": [
                "sha256:186428c270309e6fdfe2d5ab0949ab21ae5f7dea831eab96701b86bd666af39c",
                "sha256:f5cf7265a80636ecff66806d13494cbf9d77a3758a65fd8b4d4d4bee81b0c375"
            ],
            "index": "pypi",
            "version": "==1.10.0"
        },
        "pillow": {
            "hashes": [
                "sha256:00fdeb23820f30e43bba78eb9abb00b7a937a655de7760b2e09101d63708b64e",
                "sha256:01f948e8220c85eae1aa1a7f8edddcec193918f933fb07aaebe0bfbbcffefbf1",
                "sha256:08abf39948d4b5017a137be58f1a52b7101700431f0777bec3d897c3949f74e6",
                "sha256:099a61618b145ecb50c6f279666bbc398e189b8bc97544ae32b8fcb49ad6b830",
                "sha256:2c1c61546e73de62747e65807d2cc4980c395d4c5600ecb1f47a650c6fa78c79",
                "sha256:2ed9c4f694861642401f27dc3cb99772be67cd190e84845c749dae0a06c3bfae",
                "sha256:338581b30b908e111be578f0297255f6b57a51358cd16fa0e6f664c9a1f88bff",
                "sha256:38c7d48a21cd06fdeee93987147b9b1c55b73b4cfcbf83240568bfbd5adee447",
                "sha256:43fd026f613c8e48a25eba1a92f4d2ad7f3903c95d8c33a11611a7717d2ab654",
                "sha256:4548236844327a718ce3bb182ab32a16fa2050c61e334e959f554cac052fb0df",
                "sha256:5090857876c58885cfa388dc649e5db30aae98a068c26f3fd0ac9d7d9a4d9572",
                "sha256:5bbba34f97a26a93f5e8dec469ca4ddd712451418add43da946dbaed7f7a98d2",
                "sha256:65a28969a025a0eb4594637b6103201dc4ed2a9508bdab56ac33e43e3081c404",
                "sha256:892bb52b70bd5ea9dbbc3ac44f38e84f5a04e9d8b1bff48159d96cb795b81159",
                "sha256:8a9becd5cbd5062f973bcd2e7bc79483af310222de112b6541f8af1f93a3cc42",
                "sha256:972a7aaeb7c4a2795b52eef52ee991ef040b31009f36deca6207a986607b55f3",
                "sha256:97b119c436bfa96a92ac2ca525f7025836d4d4e64b1c9f9eff8dbaf3ff1d86f3",
                "sha256:9ba37698e242223f8053cc158f130aee046a96feacbeab65893dbe94f5530118",
                "sha256:b1b0e1f626a0f079c0d3696db70132fb1f29aa87c66aecb6501a9b8be64ce9f7",
                "sha256:c14c1224fd1a5be2733530d648a316974dbbb3c946913562c6005a76f21ca042",
                "sha256:c79a8546c48ae6465189e54e3245a97ddf21161e33ff7eaa42787353417bb2b6",
                "sha256:ceb76935ac4ebdf6d7bc845482a4450b284c6ccfb281e34da51d510658ab34d8",
                "sha256:e22bffaad04b4d16e1c091baed7f2733fc1ebb91e0c602abf1b6834d17158b1f",
                "sha256:ec883b8e44d877bda6f94a36313a1c6063f8b1997aa091628ae2f34c7f97c8d5",
                "sha256:f1baa54d50ec031d1a9beb89974108f8f2c0706f49798f4777df879df0e1adb6",
                "sha256:f53a5385932cda1e2c862d89460992911a89768c65d176ff8c50cddca4d29bed"
            ],
            "index": "pypi",
            "version": "==6.2.0"
        },
        "powerline-status": {
            "hashes": [
                "sha256:5eac2801ff8a8093a80aa78e2eaf6204f872607e48713d840d35013a63382084"
            ],
            "index": "pypi",
            "version": "==2.5"
        },
        "protobuf": {
            "hashes": [
                "sha256:2859906dd9a2aadf72cabf4ad650cff14268b585e94bb16ff01085c8bafeecd6"
            ],
            "index": "pypi",
            "version": "==3.1.0"
        },
        "six": {
            "hashes": [
                "sha256:0ff78c403d9bccf5a425a6d31a12aa6b47f1c21ca4dc2573a7e2f32a97335eb1",
                "sha256:105f8d68616f8248e24bf0e9372ef04d3cc10104f1980f54d57b2ce73a5ad56a"
            ],
            "index": "pypi",
            "version": "==1.10.0"
        },
        "tensorflow": {
            "hashes": [
                "sha256:0e563602ef3b4c56ec30cbe750179464e6cd31d9235b5821c4be0134264007a9",
                "sha256:1c30df65b79cc25816b8cd20b77efe329a0adb993f8c50796a314f1066f0366b",
                "sha256:23106a7ea07568b9d3a786211f2f5387385757de6642c3299e2b5cb77f195d50",
                "sha256:3af21799d5bc4a8e376e502d766b0e7ca8b7e906552730f59753766440821e10",
                "sha256:5d7a3ba7026544e337d864086881179b4badce1750514d074d463350ca2ee7b8",
                "sha256:61977f4261068840d04f3d7ebfc7448106a1b63065a5de2d197bb0f57b2d010d",
                "sha256:73afd442d52219517b9e59378882d335a4e77a96123878bcabb51b358faafa17",
                "sha256:c2e9c368f967d4b6b234b29d08737c2dfca59b556e333208ed38debb070f3f38",
                "sha256:f3fe32eb69a7427b65986710385ae90a81d27d65e542200e82e07443b11dab86"
            ],
            "index": "pypi",
            "version": "==0.12.1"
        },
        "werkzeug": {
            "hashes": [
                "sha256:7280924747b5733b246fe23972186c6b348f9ae29724135a6dfc1e53cea433e7",
                "sha256:e5f4a1f98b52b18a93da705a7458e55afb26f32bff83ff5d19189f92462d65c4"
            ],
            "version": "==0.16.0"
        },
        "wheel": {
            "hashes": [
                "sha256:10c9da68765315ed98850f8e048347c3eb06dd81822dc2ab1d4fde9dc9702646",
                "sha256:f4da1763d3becf2e2cd92a14a7c920f0f00eca30fdde9ea992c836685b9faf28"
            ],
            "version": "==0.33.6"
        }
    },
    "develop": {
        "entrypoints": {
            "hashes": [
                "sha256:589f874b313739ad35be6e0cd7efde2a4e9b6fea91edcc34e58ecbb8dbe56d19",
                "sha256:c70dd71abe5a8c85e55e12c19bd91ccfeec11a6e99044204511f9ed547d48451"
            ],
            "version": "==0.3"
        },
        "flake8": {
            "hashes": [
                "sha256:45681a117ecc81e870cbf1262835ae4af5e7a8b08e40b944a8a6e6b895914cfb",
                "sha256:49356e766643ad15072a789a20915d3c91dc89fd313ccd71802303fd67e4deca"
            ],
            "index": "pypi",
            "version": "==3.7.9"
        },
        "flake8-import-order": {
            "hashes": [
                "sha256:90a80e46886259b9c396b578d75c749801a41ee969a235e163cfe1be7afd2543",
                "sha256:a28dc39545ea4606c1ac3c24e9d05c849c6e5444a50fb7e9cdd430fc94de6e92"
            ],
            "index": "pypi",
            "version": "==0.18.1"
        },
        "mccabe": {
            "hashes": [
                "sha256:ab8a6258860da4b6677da4bd2fe5dc2c659cff31b3ee4f7f5d64e79735b80d42",
                "sha256:dd8d182285a0fe56bace7f45b5e7d1a6ebcbf524e8f3bd87eb0f125271b8831f"
            ],
            "version": "==0.6.1"
        },
        "nose": {
            "hashes": [
                "sha256:9ff7c6cc443f8c51994b34a667bbcf45afd6d945be7477b52e97516fd17c53ac",
                "sha256:dadcddc0aefbf99eea214e0f1232b94f2fa9bd98fa8353711dacb112bfcbbb2a",
                "sha256:f1bffef9cbc82628f6e7d7b40d7e255aefaa1adb6a1b1d26c69a8b79e6208a98"
            ],
            "index": "pypi",
            "version": "==1.3.7"
        },
        "pycodestyle": {
            "hashes": [
                "sha256:95a2219d12372f05704562a14ec30bc76b05a5b297b21a5dfe3f6fac3491ae56",
                "sha256:e40a936c9a450ad81df37f549d676d127b1b66000a6c500caa2b085bc0ca976c"
            ],
            "version": "==2.5.0"
        },
        "pyflakes": {
            "hashes": [
                "sha256:17dbeb2e3f4d772725c777fabc446d5634d1038f234e77343108ce445ea69ce0",
                "sha256:d976835886f8c5b31d47970ed689944a0262b5f3afa00a5a7b4dc81e5449f8a2"
            ],
            "version": "==2.1.1"
        },
        "yapf": {
            "hashes": [
                "sha256:712e23c468506bf12cadd10169f852572ecc61b266258422d45aaf4ad7ef43de",
                "sha256:cad8a272c6001b3401de3278238fdc54997b6c2e56baa751788915f879a52fca"
            ],
            "index": "pypi",
            "version": "==0.29.0"
        }
    }
}
